
Microsoft Visual Studio Solution File, Format Version 12.00
# Visual Studio Version 17
VisualStudioVersion = 17.8.34511.84
MinimumVisualStudioVersion = 10.0.40219.1
Project("{9A19103F-16F7-4668-BE54-9A1E7A4F7556}") = "NeeLaboratory.Runtime", "NeeLaboratory.Runtime\NeeLaboratory.Runtime.csproj", "{891580EC-6126-4756-A971-CDF18088F5F0}"
EndProject
Project("{9A19103F-16F7-4668-BE54-9A1E7A4F7556}") = "NeeLaboratory.Windows", "NeeLaboratory.Windows\NeeLaboratory.Windows.csproj", "{3D8F4E2B-A456-4788-9717-AFAA377B7DA4}"
EndProject
Project("{9A19103F-16F7-4668-BE54-9A1E7A4F7556}") = "NeeLaboratory.SourceGenerator", "NeeLaboratory.SourceGenerator\NeeLaboratory.SourceGenerator.csproj", "{A4EBCF80-9BF5-484D-9A14-E462E44B5C1C}"
EndProject
Global
	GlobalSection(SolutionConfigurationPlatforms) = preSolution
		Debug|Any CPU = Debug|Any CPU
		Release|Any CPU = Release|Any CPU
	EndGlobalSection
	GlobalSection(ProjectConfigurationPlatforms) = postSolution
		{891580EC-6126-4756-A971-CDF18088F5F0}.Debug|Any CPU.ActiveCfg = Debug|Any CPU
		{891580EC-6126-4756-A971-CDF18088F5F0}.Debug|Any CPU.Build.0 = Debug|Any CPU
		{891580EC-6126-4756-A971-CDF18088F5F0}.Release|Any CPU.ActiveCfg = Release|Any CPU
		{891580EC-6126-4756-A971-CDF18088F5F0}.Release|Any CPU.Build.0 = Release|Any CPU
		{3D8F4E2B-A456-4788-9717-AFAA377B7DA4}.Debug|Any CPU.ActiveCfg = Debug|Any CPU
		{3D8F4E2B-A456-4788-9717-AFAA377B7DA4}.Debug|Any CPU.Build.0 = Debug|Any CPU
		{3D8F4E2B-A456-4788-9717-AFAA377B7DA4}.Release|Any CPU.ActiveCfg = Release|Any CPU
		{3D8F4E2B-A456-4788-9717-AFAA377B7DA4}.Release|Any CPU.Build.0 = Release|Any CPU
		{A4EBCF80-9BF5-484D-9A14-E462E44B5C1C}.Debug|Any CPU.ActiveCfg = Debug|Any CPU
		{A4EBCF80-9BF5-484D-9A14-E462E44B5C1C}.Debug|Any CPU.Build.0 = Debug|Any CPU
		{A4EBCF80-9BF5-484D-9A14-E462E44B5C1C}.Release|Any CPU.ActiveCfg = Release|Any CPU
		{A4EBCF80-9BF5-484D-9A14-E462E44B5C1C}.Release|Any CPU.Build.0 = Release|Any CPU
	EndGlobalSection
	GlobalSection(SolutionProperties) = preSolution
		HideSolutionNode = FALSE
	EndGlobalSection
	GlobalSection(ExtensibilityGlobals) = postSolution
		SolutionGuid = {F6CCFCFB-2791-4A5F-9038-E4455E5EEDD1}
	EndGlobalSection
EndGlobal
